PODS:
  - AFNetworking (2.6.1):
    - AFNetworking/NSURLConnection (= 2.6.1)
    - AFNetworking/NSURLSession (= 2.6.1)
    - AFNetworking/Reachability (= 2.6.1)
    - AFNetworking/Security (= 2.6.1)
    - AFNetworking/Serialization (= 2.6.1)
    - AFNetworking/UIKit (= 2.6.1)
  - AFNetworking/NSURLConnection (2.6.1):
    - AFNetworking/Reachability
    - AFNetworking/Security
    - AFNetworking/Serialization
  - AFNetworking/NSURLSession (2.6.1):
    - AFNetworking/Reachability
    - AFNetworking/Security
    - AFNetworking/Serialization
  - AFNetworking/Reachability (2.6.1)
  - AFNetworking/Security (2.6.1)
  - AFNetworking/Serialization (2.6.1)
  - AFNetworking/UIKit (2.6.1):
    - AFNetworking/NSURLConnection
    - AFNetworking/NSURLSession
  - HJArchitecture (1.1.1):
    - HJArchitecture/common (= 1.1.1)
    - HJArchitecture/dataController (= 1.1.1)
    - HJArchitecture/dataSource (= 1.1.1)
    - HJArchitecture/service (= 1.1.1)
    - HJArchitecture/task (= 1.1.1)
  - HJArchitecture/common (1.1.1)
  - HJArchitecture/dataController (1.1.1):
    - HJArchitecture/common
    - HJArchitecture/dataSource
    - MJRefresh
  - HJArchitecture/dataSource (1.1.1):
    - HJArchitecture/service
    - HJArchitecture/task
  - HJArchitecture/service (1.1.1):
    - AFNetworking
    - HJArchitecture/common
    - HJArchitecture/task
  - HJArchitecture/task (1.1.1)
  - Masonry (0.6.3)
  - MJRefresh (2.4.12)

DEPENDENCIES:
  - HJArchitecture (= 1.1.1)
  - Masonry

SPEC CHECKSUMS:
  AFNetworking: 8e4e60500beb8bec644cf575beee72990a76d399
  HJArchitecture: 70803119ff3e28115cfdcb6e8eebcfc10dd231b9
  Masonry: ff105a956abcd19a618b2028b121cb638d7a8e2f
  MJRefresh: ca8e9589895977df32d379d46e6b8a5450b3ff44

COCOAPODS: 0.38.2
